{
  "nodes": {
    "cpupercent": {
      "inputs": {
        "nixpkgs": [
          "nixpkgs"
        ]
      },
      "locked": {
        "lastModified": 1775856393,
        "narHash": "sha256-roKyc0yItFVtVPj1prnZPnTfSAtSlP2juXMLMS8VDY4=",
        "owner": "TheMorc",
        "repo": "CPUpercent",
        "rev": "b3da072bcbf5dd4e1008286da230fab631b2a974",
        "type": "github"
      },
      "original": {
        "owner": "TheMorc",
        "repo": "CPUpercent",
        "type": "github"
      }
    },
    "dvbsky-firmware": {
      "inputs": {
        "nixpkgs": [
          "nixpkgs"
        ]
      },
      "locked": {
        "lastModified": 1775677240,
        "narHash": "sha256-QNRw23sETPvQmeIcA3/5W16Y5B/Ln7z4pjQFzVrBIsM=",
        "owner": "TheMorc",
        "repo": "nix-dvbsky-firmware",
        "rev": "7e5b5e183bc992e9c51cf2cdb9dab45a117f1fc6",
        "type": "github"
      },
      "original": {
        "owner": "TheMorc",
        "repo": "nix-dvbsky-firmware",
        "type": "github"
      }
    },
    "frostix": {
      "inputs": {
        "nixpkgs": [
          "nixpkgs"
        ]
      },
      "locked": {
        "lastModified": 1775158954,
        "narHash": "sha256-JPQAtNg1ut2oGLBzVnW8aBf7BfLegej5TRClIo8kGwc=",
        "owner": "shomykohai",
        "repo": "frostix",
        "rev": "d081d890056095e98ac690335da2c0fcd5120476",
        "type": "github"
      },
      "original": {
        "owner": "shomykohai",
        "repo": "frostix",
        "type": "github"
      }
    },
    "home-manager": {
      "inputs": {
        "nixpkgs": [
          "nixpkgs"
        ]
      },
      "locked": {
        "lastModified": 1775781825,
        "narHash": "sha256-L5yKTpR+alrZU2XYYvIxCeCP4LBHU5jhwSj7H1VAavg=",
        "owner": "nix-community",
        "repo": "home-manager",
        "rev": "e35c39fca04fee829cecdf839a50eb9b54d8a701",
        "type": "github"
      },
      "original": {
        "owner": "nix-community",
        "repo": "home-manager",
        "type": "github"
      }
    },
    "nixpkgs": {
      "locked": {
        "lastModified": 1775710090,
        "narHash": "sha256-ar3rofg+awPB8QXDaFJhJ2jJhu+KqN/PRCXeyuXR76E=",
        "owner": "NixOS",
        "repo": "nixpkgs",
        "rev": "4c1018dae018162ec878d42fec712642d214fdfa",
        "type": "github"
      },
      "original": {
        "owner": "NixOS",
        "ref": "nixos-unstable",
        "repo": "nixpkgs",
        "type": "github"
      }
    },
    "root": {
      "inputs": {
        "cpupercent": "cpupercent",
        "dvbsky-firmware": "dvbsky-firmware",
        "frostix": "frostix",
        "home-manager": "home-manager",
        "nixpkgs": "nixpkgs",
        "treefmt-nix": "treefmt-nix",
        "tvh": "tvh"
      }
    },
    "treefmt-nix": {
      "inputs": {
        "nixpkgs": [
          "nixpkgs"
        ]
      },
      "locked": {
        "lastModified": 1775636079,
        "narHash": "sha256-pc20NRoMdiar8oPQceQT47UUZMBTiMdUuWrYu2obUP0=",
        "owner": "numtide",
        "repo": "treefmt-nix",
        "rev": "790751ff7fd3801feeaf96d7dc416a8d581265ba",
        "type": "github"
      },
      "original": {
        "owner": "numtide",
        "repo": "treefmt-nix",
        "type": "github"
      }
    },
    "tvh": {
      "locked": {
        "lastModified": 1772442606,
        "narHash": "sha256-3IYiVJpfZUi3oVUzObUbVl3J7QK0U0hMw/BXExgMqrw=",
        "owner": "oneingan",
        "repo": "nixpkgs",
        "rev": "b61889fd0808f1cc3dab6111f06daaab42552cdf",
        "type": "github"
      },
      "original": {
        "owner": "oneingan",
        "ref": "tvheadend-revive",
        "repo": "nixpkgs",
        "type": "github"
      }
    }
  },
  "root": "root",
  "version": 7
}
