{
  "nodes": {
    "apple-silicon-support": {
      "inputs": {
        "flake-compat": "flake-compat",
        "nixpkgs": [
          "nixpkgs"
        ]
      },
      "locked": {
        "lastModified": 1788381993,
        "narHash": "sha256-8P1xFFUhCHQT8+MI4x9DW7jIaDgBPEdTCwCiR+m1ohM=",
        "owner": "nix-community",
        "repo": "nixos-apple-silicon",
        "rev": "fb602d1f8c6d83dd652fecc3f468328f8864f0c1",
        "type": "github"
      },
      "original": {
        "owner": "nix-community",
        "ref": "main",
        "repo": "nixos-apple-silicon",
        "type": "github"
      }
    },
    "cpupercent": {
      "inputs": {
        "nixpkgs": [
          "nixpkgs"
        ]
      },
      "locked": {
        "lastModified": 1775857697,
        "narHash": "sha256-27AUmU6LnXnvu1EQw5wr2YGBZzLI9mP90A8nAW9nyXs=",
        "owner": "TheMorc",
        "repo": "CPUpercent",
        "rev": "d032cf490fc357ae78112129c3c4319a0c36b3bb",
        "type": "github"
      },
      "original": {
        "owner": "TheMorc",
        "repo": "CPUpercent",
        "type": "github"
      }
    },
    "dvbsky-firmware": {
      "inputs": {
        "nixpkgs": [
          "nixpkgs"
        ]
      },
      "locked": {
        "lastModified": 1775677240,
        "narHash": "sha256-QNRw23sETPvQmeIcA3/5W16Y5B/Ln7z4pjQFzVrBIsM=",
        "owner": "TheMorc",
        "repo": "nix-dvbsky-firmware",
        "rev": "7e5b5e183bc992e9c51cf2cdb9dab45a117f1fc6",
        "type": "github"
      },
      "original": {
        "owner": "TheMorc",
        "repo": "nix-dvbsky-firmware",
        "type": "github"
      }
    },
    "flake-compat": {
      "locked": {
        "lastModified": 1761640442,
        "narHash": "sha256-AtrEP6Jmdvrqiv4x2xa5mrtaIp3OEe8uBYCDZDS+hu8=",
        "owner": "nix-community",
        "repo": "flake-compat",
        "rev": "4a56054d8ffc173222d09dad23adf4ba946c8884",
        "type": "github"
      },
      "original": {
        "owner": "nix-community",
        "repo": "flake-compat",
        "type": "github"
      }
    },
    "frostix": {
      "inputs": {
        "nixpkgs": [
          "nixpkgs"
        ]
      },
      "locked": {
        "lastModified": 1788583176,
        "narHash": "sha256-Q/7jVxOpD47bFup0DSu0VdThtMuSONwz1FzygZSjNe4=",
        "owner": "shomykohai",
        "repo": "frostix",
        "rev": "d3bb7e948184607c152eb2caf30879d047742ef6",
        "type": "github"
      },
      "original": {
        "owner": "shomykohai",
        "repo": "frostix",
        "type": "github"
      }
    },
    "funnyprint": {
      "inputs": {
        "nixpkgs": [
          "nixpkgs"
        ]
      },
      "locked": {
        "lastModified": 1782044355,
        "narHash": "sha256-0qQT/RyIqCJJIjG7J1Ruu3Q1T+aCK47pP2jtWZ4Jde8=",
        "owner": "ValdikSS",
        "repo": "printer-driver-funnyprint",
        "rev": "4ef5775ba0f2029a8a759830c4148f4029235c8e",
        "type": "github"
      },
      "original": {
        "owner": "ValdikSS",
        "repo": "printer-driver-funnyprint",
        "type": "github"
      }
    },
    "home-manager": {
      "inputs": {
        "nixpkgs": [
          "nixpkgs"
        ]
      },
      "locked": {
        "lastModified": 1788487777,
        "narHash": "sha256-Ro/e1N4ZR8/XaFF+sF9SgfPK79HM5YNEppzFj8p+0Ak=",
        "owner": "nix-community",
        "repo": "home-manager",
        "rev": "693e8ce0fb240a73c116a03cfd7b19269c87af88",
        "type": "github"
      },
      "original": {
        "owner": "nix-community",
        "repo": "home-manager",
        "type": "github"
      }
    },
    "leocec": {
      "inputs": {
        "nixpkgs": [
          "nixpkgs"
        ]
      },
      "locked": {
        "lastModified": 1776553984,
        "narHash": "sha256-BJ8TdNbKSJu/nUspfutb64Daz6lWPA2GZEOpDbMrN8c=",
        "owner": "TheMorc",
        "repo": "LeoCEC",
        "rev": "98c79464050c0e583b51c55c4e705d2119f750e8",
        "type": "github"
      },
      "original": {
        "owner": "TheMorc",
        "repo": "LeoCEC",
        "type": "github"
      }
    },
    "nixpkgs": {
      "locked": {
        "lastModified": 1788531059,
        "narHash": "sha256-hLD4l3QOGBQhkVp3mQ2lJ/YbEi99qUgKapb40KovZ88=",
        "owner": "NixOS",
        "repo": "nixpkgs",
        "rev": "801bef6abd86b91e51083066b83fb354a11fc640",
        "type": "github"
      },
      "original": {
        "owner": "NixOS",
        "ref": "nixos-unstable",
        "repo": "nixpkgs",
        "type": "github"
      }
    },
    "root": {
      "inputs": {
        "apple-silicon-support": "apple-silicon-support",
        "cpupercent": "cpupercent",
        "dvbsky-firmware": "dvbsky-firmware",
        "frostix": "frostix",
        "funnyprint": "funnyprint",
        "home-manager": "home-manager",
        "leocec": "leocec",
        "nixpkgs": "nixpkgs",
        "treefmt-nix": "treefmt-nix",
        "tvh": "tvh"
      }
    },
    "treefmt-nix": {
      "inputs": {
        "nixpkgs": [
          "nixpkgs"
        ]
      },
      "locked": {
        "lastModified": 1786901030,
        "narHash": "sha256-WSFCsDSE5ffgD2MqzkM2CYjeFiKhRF/dJUN8uedb6YE=",
        "owner": "numtide",
        "repo": "treefmt-nix",
        "rev": "27b3b12a8e6375f28ebe122f07d230ca5459bbfa",
        "type": "github"
      },
      "original": {
        "owner": "numtide",
        "repo": "treefmt-nix",
        "type": "github"
      }
    },
    "tvh": {
      "locked": {
        "lastModified": 1777630637,
        "narHash": "sha256-rfAXSMU2MK3EZrPEASD1yy/kUY7TLL6t/FhiCaEHziY=",
        "owner": "oneingan",
        "repo": "nixpkgs",
        "rev": "7496be2e1ab7e2809b09b5d1457cfae65d2c3197",
        "type": "github"
      },
      "original": {
        "owner": "oneingan",
        "ref": "tvheadend-revive",
        "repo": "nixpkgs",
        "type": "github"
      }
    }
  },
  "root": "root",
  "version": 7
}
