{
  "nodes": {
    "cpupercent": {
      "inputs": {
        "nixpkgs": [
          "nixpkgs"
        ]
      },
      "locked": {
        "lastModified": 1775857697,
        "narHash": "sha256-27AUmU6LnXnvu1EQw5wr2YGBZzLI9mP90A8nAW9nyXs=",
        "owner": "TheMorc",
        "repo": "CPUpercent",
        "rev": "d032cf490fc357ae78112129c3c4319a0c36b3bb",
        "type": "github"
      },
      "original": {
        "owner": "TheMorc",
        "repo": "CPUpercent",
        "type": "github"
      }
    },
    "dvbsky-firmware": {
      "inputs": {
        "nixpkgs": [
          "nixpkgs"
        ]
      },
      "locked": {
        "lastModified": 1775677240,
        "narHash": "sha256-QNRw23sETPvQmeIcA3/5W16Y5B/Ln7z4pjQFzVrBIsM=",
        "owner": "TheMorc",
        "repo": "nix-dvbsky-firmware",
        "rev": "7e5b5e183bc992e9c51cf2cdb9dab45a117f1fc6",
        "type": "github"
      },
      "original": {
        "owner": "TheMorc",
        "repo": "nix-dvbsky-firmware",
        "type": "github"
      }
    },
    "frostix": {
      "inputs": {
        "nixpkgs": [
          "nixpkgs"
        ]
      },
      "locked": {
        "lastModified": 1775158954,
        "narHash": "sha256-JPQAtNg1ut2oGLBzVnW8aBf7BfLegej5TRClIo8kGwc=",
        "owner": "shomykohai",
        "repo": "frostix",
        "rev": "d081d890056095e98ac690335da2c0fcd5120476",
        "type": "github"
      },
      "original": {
        "owner": "shomykohai",
        "repo": "frostix",
        "type": "github"
      }
    },
    "home-manager": {
      "inputs": {
        "nixpkgs": [
          "nixpkgs"
        ]
      },
      "locked": {
        "lastModified": 1776373306,
        "narHash": "sha256-iAJIzHngGZeLIkjzuuWI6VBsYJ1n89a/Esq0m8R1vjs=",
        "owner": "nix-community",
        "repo": "home-manager",
        "rev": "d401492e2acd4fea42f7705a3c266cea739c9c36",
        "type": "github"
      },
      "original": {
        "owner": "nix-community",
        "repo": "home-manager",
        "type": "github"
      }
    },
    "leocec": {
      "inputs": {
        "nixpkgs": [
          "nixpkgs"
        ]
      },
      "locked": {
        "lastModified": 1776378407,
        "narHash": "sha256-Ncqnx2KsLUPfyS4hKvx0hhEPvmuWskmEHbzt5X4jW0E=",
        "owner": "TheMorc",
        "repo": "LeoCEC",
        "rev": "1655d728a034724ebb4bd3566d0cc95b0088f82f",
        "type": "github"
      },
      "original": {
        "owner": "TheMorc",
        "repo": "LeoCEC",
        "type": "github"
      }
    },
    "nixpkgs": {
      "locked": {
        "lastModified": 1776169885,
        "narHash": "sha256-l/iNYDZ4bGOAFQY2q8y5OAfBBtrDAaPuRQqWaFHVRXM=",
        "owner": "NixOS",
        "repo": "nixpkgs",
        "rev": "4bd9165a9165d7b5e33ae57f3eecbcb28fb231c9",
        "type": "github"
      },
      "original": {
        "owner": "NixOS",
        "ref": "nixos-unstable",
        "repo": "nixpkgs",
        "type": "github"
      }
    },
    "root": {
      "inputs": {
        "cpupercent": "cpupercent",
        "dvbsky-firmware": "dvbsky-firmware",
        "frostix": "frostix",
        "home-manager": "home-manager",
        "leocec": "leocec",
        "nixpkgs": "nixpkgs",
        "treefmt-nix": "treefmt-nix",
        "tvh": "tvh"
      }
    },
    "treefmt-nix": {
      "inputs": {
        "nixpkgs": [
          "nixpkgs"
        ]
      },
      "locked": {
        "lastModified": 1775636079,
        "narHash": "sha256-pc20NRoMdiar8oPQceQT47UUZMBTiMdUuWrYu2obUP0=",
        "owner": "numtide",
        "repo": "treefmt-nix",
        "rev": "790751ff7fd3801feeaf96d7dc416a8d581265ba",
        "type": "github"
      },
      "original": {
        "owner": "numtide",
        "repo": "treefmt-nix",
        "type": "github"
      }
    },
    "tvh": {
      "locked": {
        "lastModified": 1772442606,
        "narHash": "sha256-3IYiVJpfZUi3oVUzObUbVl3J7QK0U0hMw/BXExgMqrw=",
        "owner": "oneingan",
        "repo": "nixpkgs",
        "rev": "b61889fd0808f1cc3dab6111f06daaab42552cdf",
        "type": "github"
      },
      "original": {
        "owner": "oneingan",
        "ref": "tvheadend-revive",
        "repo": "nixpkgs",
        "type": "github"
      }
    }
  },
  "root": "root",
  "version": 7
}
